
Microsoft Visual Studio Solution File, Format Version 12.00
# Visual Studio 15
VisualStudioVersion = 15.0.26228.4
MinimumVisualStudioVersion = 10.0.40219.1
Project("{FAE04EC0-301F-11D3-BF4B-00C04F79EFBC}") = "NetPrintsCore", "NetPrintsCore\NetPrintsCore.csproj", "{9D3E7E5B-E76A-4D9D-A167-6815D629C592}"
EndProject
Project("{FAE04EC0-301F-11D3-BF4B-00C04F79EFBC}") = "NetPrintsTests", "NetPrintsTests\NetPrintsTests.csproj", "{D6B1CDE5-5E1E-4334-89EF-B23C889390A4}"
EndProject
Global
	GlobalSection(SolutionConfigurationPlatforms) = preSolution
		Debug|Any CPU = Debug|Any CPU
		Release|Any CPU = Release|Any CPU
	EndGlobalSection
	GlobalSection(ProjectConfigurationPlatforms) = postSolution
		{9D3E7E5B-E76A-4D9D-A167-6815D629C592}.Debug|Any CPU.ActiveCfg = Debug|Any CPU
		{9D3E7E5B-E76A-4D9D-A167-6815D629C592}.Debug|Any CPU.Build.0 = Debug|Any CPU
		{9D3E7E5B-E76A-4D9D-A167-6815D629C592}.Release|Any CPU.ActiveCfg = Release|Any CPU
		{9D3E7E5B-E76A-4D9D-A167-6815D629C592}.Release|Any CPU.Build.0 = Release|Any CPU
		{D6B1CDE5-5E1E-4334-89EF-B23C889390A4}.Debug|Any CPU.ActiveCfg = Debug|Any CPU
		{D6B1CDE5-5E1E-4334-89EF-B23C889390A4}.Debug|Any CPU.Build.0 = Debug|Any CPU
		{D6B1CDE5-5E1E-4334-89EF-B23C889390A4}.Release|Any CPU.ActiveCfg = Release|Any CPU
		{D6B1CDE5-5E1E-4334-89EF-B23C889390A4}.Release|Any CPU.Build.0 = Release|Any CPU
	EndGlobalSection
	GlobalSection(SolutionProperties) = preSolution
		HideSolutionNode = FALSE
	EndGlobalSection
EndGlobal
